
Microsoft Visual Studio Solution File, Format Version 12.00
# Visual Studio Version 16
VisualStudioVersion = 16.0.30804.86
MinimumVisualStudioVersion = 10.0.40219.1
Project("{8BC9CEB8-8B4A-11D0-8D11-00A0C91BC942}") = "CPPProject", "CPPProject.vcxproj", "{6FE3B5E1-0D50-4D93-95BA-9B9C5B0DB4B9}"
EndProject
Global
	GlobalSection(SolutionConfigurationPlatforms) = preSolution
		Debug|x64 = Debug|x64
		Debug|x86 = Debug|x86
		Release|x64 = Release|x64
		Release|x86 = Release|x86
	EndGlobalSection
	GlobalSection(ProjectConfigurationPlatforms) = postSolution
		{6FE3B5E1-0D50-4D93-95BA-9B9C5B0DB4B9}.Debug|x64.ActiveCfg = Debug|x64
		{6FE3B5E1-0D50-4D93-95BA-9B9C5B0DB4B9}.Debug|x64.Build.0 = Debug|x64
		{6FE3B5E1-0D50-4D93-95BA-9B9C5B0DB4B9}.Debug|x86.ActiveCfg = Debug|Win32
		{6FE3B5E1-0D50-4D93-95BA-9B9C5B0DB4B9}.Debug|x86.Build.0 = Debug|Win32
		{6FE3B5E1-0D50-4D93-95BA-9B9C5B0DB4B9}.Release|x64.ActiveCfg = Release|x64
		{6FE3B5E1-0D50-4D93-95BA-9B9C5B0DB4B9}.Release|x64.Build.0 = Release|x64
		{6FE3B5E1-0D50-4D93-95BA-9B9C5B0DB4B9}.Release|x86.ActiveCfg = Release|Win32
		{6FE3B5E1-0D50-4D93-95BA-9B9C5B0DB4B9}.Release|x86.Build.0 = Release|Win32
	EndGlobalSection
	GlobalSection(SolutionProperties) = preSolution
		HideSolutionNode = FALSE
	EndGlobalSection
	GlobalSection(ExtensibilityGlobals) = postSolution
		SolutionGuid = {5F3EDB97-530C-4231-8CCC-89142305B1B5}
	EndGlobalSection
EndGlobal
